<?xml version="1.0" encoding="UTF-8" standalone="yes" ?>
<CodeBlocks_project_file>
	<FileVersion major="1" minor="6" />
	<Project>
		<Option title="anakin2" />
		<Option pch_mode="2" />
		<Option compiler="gcc" />
		<Build>
			<Target title="Debug">
				<Option output="bin/Debug/anakin2" prefix_auto="1" extension_auto="1" />
				<Option object_output="obj/Debug/" />
				<Option type="1" />
				<Option compiler="gcc" />
				<Compiler>
					<Add option="-std=c++11" />
					<Add option="-g" />
					<Add directory="src" />
					<Add directory="includes" />
					<Add directory="../../../../../usr/local/include/opencv2" />
				</Compiler>
			</Target>
			<Target title="Release">
				<Option output="bin/Release/anakin2" prefix_auto="1" extension_auto="1" />
				<Option object_output="obj/Release/" />
				<Option type="1" />
				<Option compiler="gcc" />
				<Compiler>
					<Add option="-O2" />
					<Add option="-std=c++11" />
					<Add option="-g" />
				</Compiler>
				<Linker>
					<Add option="-s" />
				</Linker>
			</Target>
		</Build>
		<Compiler>
			<Add option="-std=c++11" />
			<Add option="-Wall" />
			<Add option="-g" />
			<Add option="-rdynamic" />
			<Add directory="lib" />
			<Add directory="src" />
			<Add directory="includes" />
			<Add directory="/usr/local/include/opencv2" />
			<Add directory="/usr/include/postgresql" />
			<Add directory="lib/tbb42_20131118oss/include" />
		</Compiler>
		<Linker>
			<Add library="opencv_features2d" />
			<Add library="opencv_core" />
			<Add library="GL" />
			<Add library="opencv_nonfree" />
			<Add library="opencv_highgui" />
			<Add library="opencv_video" />
			<Add library="opencv_videostab" />
			<Add library="opencv_flann" />
			<Add library="opencv_imgproc" />
			<Add library="opencv_contrib" />
			<Add library="boost_filesystem" />
			<Add library="boost_system" />
			<Add library="boost_iostreams" />
			<Add library="opencv_calib3d" />
			<Add library="/usr/local/lib/libopencv_objdetect.so" />
			<Add library="/usr/lib/x86_64-linux-gnu/libpthread.so" />
			<Add library="/usr/lib/libpq.so" />
			<Add library="lib/tbb42_20131118oss/lib/intel64/gcc4.4/libtbb.so.2" />
			<Add library="/usr/lib/x86_64-linux-gnu/libboost_regex.so" />
			<Add directory="lib/tbb42_20131118oss/lib/intel64/gcc4.4" />
		</Linker>
		<Unit filename="includes/connection/ATCPServerSocket.hpp" />
		<Unit filename="includes/connection/ATCPSocket.hpp" />
		<Unit filename="includes/connection/AUDPServerSocket.hpp" />
		<Unit filename="includes/connection/AUDPSocket.hpp" />
		<Unit filename="includes/connection/DTCPServerSocket.hpp" />
		<Unit filename="includes/connection/DelimiterBasedTCPSocket.hpp" />
		<Unit filename="includes/connection/HTTPListener.hpp" />
		<Unit filename="includes/connection/HTTPSocket.hpp" />
		<Unit filename="includes/connection/RequestServer.hpp" />
		<Unit filename="includes/connection/Server.hpp" />
		<Unit filename="includes/connection/ServerSocket.hpp" />
		<Unit filename="includes/connection/Socket.hpp" />
		<Unit filename="includes/data/ImageInfo.hpp" />
		<Unit filename="includes/data/Img.hpp" />
		<Unit filename="includes/data/RichImg.hpp" />
		<Unit filename="includes/db/DBDriver.hpp" />
		<Unit filename="includes/db/DBHistogram.hpp" />
		<Unit filename="includes/db/DBPattern.hpp" />
		<Unit filename="includes/db/DBUser.hpp" />
		<Unit filename="includes/matching/BasicFlannDetector.hpp" />
		<Unit filename="includes/matching/FlannMatchingProcessor.hpp" />
		<Unit filename="includes/matching/Match.hpp" />
		<Unit filename="includes/matching/SerializableFlannBasedMatcher.hpp" />
		<Unit filename="includes/output/DataOutput.hpp" />
		<Unit filename="includes/output/JSON.h" />
		<Unit filename="includes/output/JSONValue.h" />
		<Unit filename="includes/output/ResultWriter.hpp" />
		<Unit filename="includes/processing/AnakinFlags.hpp" />
		<Unit filename="includes/processing/CommandRunner.hpp" />
		<Unit filename="includes/processing/Flags.hpp" />
		<Unit filename="includes/processing/SFBMCache.hpp" />
		<Unit filename="includes/processing/Worker.hpp" />
		<Unit filename="includes/utils/BlockingMap.hpp" />
		<Unit filename="includes/utils/Constants.hpp" />
		<Unit filename="includes/utils/XMLoader.hpp" />
		<Unit filename="lib/mongoose.c">
			<Option compilerVar="CC" />
		</Unit>
		<Unit filename="lib/mongoose.h" />
		<Unit filename="lib/quicklz.c">
			<Option compilerVar="CC" />
		</Unit>
		<Unit filename="lib/quicklz.h" />
		<Unit filename="lib/tbb42_20131118oss/include/serial/tbb/parallel_for.h" />
		<Unit filename="lib/tbb42_20131118oss/include/serial/tbb/tbb_annotate.h" />
		<Unit filename="lib/tbb42_20131118oss/include/tbb/aggregator.h" />
		<Unit filename="lib/tbb42_20131118oss/include/tbb/aligned_space.h" />
		<Unit filename="lib/tbb42_20131118oss/include/tbb/atomic.h" />
		<Unit filename="lib/tbb42_20131118oss/include/tbb/blocked_range.h" />
		<Unit filename="lib/tbb42_20131118oss/include/tbb/blocked_range2d.h" />
		<Unit filename="lib/tbb42_20131118oss/include/tbb/blocked_range3d.h" />
		<Unit filename="lib/tbb42_20131118oss/include/tbb/cache_aligned_allocator.h" />
		<Unit filename="lib/tbb42_20131118oss/include/tbb/combinable.h" />
		<Unit filename="lib/tbb42_20131118oss/include/tbb/compat/ppl.h" />
		<Unit filename="lib/tbb42_20131118oss/include/tbb/concurrent_hash_map.h" />
		<Unit filename="lib/tbb42_20131118oss/include/tbb/concurrent_lru_cache.h" />
		<Unit filename="lib/tbb42_20131118oss/include/tbb/concurrent_priority_queue.h" />
		<Unit filename="lib/tbb42_20131118oss/include/tbb/concurrent_queue.h" />
		<Unit filename="lib/tbb42_20131118oss/include/tbb/concurrent_unordered_map.h" />
		<Unit filename="lib/tbb42_20131118oss/include/tbb/concurrent_unordered_set.h" />
		<Unit filename="lib/tbb42_20131118oss/include/tbb/concurrent_vector.h" />
		<Unit filename="lib/tbb42_20131118oss/include/tbb/critical_section.h" />
		<Unit filename="lib/tbb42_20131118oss/include/tbb/enumerable_thread_specific.h" />
		<Unit filename="lib/tbb42_20131118oss/include/tbb/flow_graph.h" />
		<Unit filename="lib/tbb42_20131118oss/include/tbb/internal/_aggregator_impl.h" />
		<Unit filename="lib/tbb42_20131118oss/include/tbb/internal/_concurrent_queue_impl.h" />
		<Unit filename="lib/tbb42_20131118oss/include/tbb/internal/_concurrent_unordered_impl.h" />
		<Unit filename="lib/tbb42_20131118oss/include/tbb/internal/_flow_graph_impl.h" />
		<Unit filename="lib/tbb42_20131118oss/include/tbb/internal/_flow_graph_item_buffer_impl.h" />
		<Unit filename="lib/tbb42_20131118oss/include/tbb/internal/_flow_graph_join_impl.h" />
		<Unit filename="lib/tbb42_20131118oss/include/tbb/internal/_flow_graph_node_impl.h" />
		<Unit filename="lib/tbb42_20131118oss/include/tbb/internal/_flow_graph_or_impl.h" />
		<Unit filename="lib/tbb42_20131118oss/include/tbb/internal/_flow_graph_tagged_buffer_impl.h" />
		<Unit filename="lib/tbb42_20131118oss/include/tbb/internal/_flow_graph_trace_impl.h" />
		<Unit filename="lib/tbb42_20131118oss/include/tbb/internal/_flow_graph_types_impl.h" />
		<Unit filename="lib/tbb42_20131118oss/include/tbb/internal/_mutex_padding.h" />
		<Unit filename="lib/tbb42_20131118oss/include/tbb/internal/_tbb_strings.h" />
		<Unit filename="lib/tbb42_20131118oss/include/tbb/internal/_tbb_windef.h" />
		<Unit filename="lib/tbb42_20131118oss/include/tbb/internal/_x86_eliding_mutex_impl.h" />
		<Unit filename="lib/tbb42_20131118oss/include/tbb/internal/_x86_rtm_rw_mutex_impl.h" />
		<Unit filename="lib/tbb42_20131118oss/include/tbb/machine/gcc_armv7.h" />
		<Unit filename="lib/tbb42_20131118oss/include/tbb/machine/gcc_generic.h" />
		<Unit filename="lib/tbb42_20131118oss/include/tbb/machine/gcc_ia32_common.h" />
		<Unit filename="lib/tbb42_20131118oss/include/tbb/machine/gcc_itsx.h" />
		<Unit filename="lib/tbb42_20131118oss/include/tbb/machine/ibm_aix51.h" />
		<Unit filename="lib/tbb42_20131118oss/include/tbb/machine/icc_generic.h" />
		<Unit filename="lib/tbb42_20131118oss/include/tbb/machine/linux_common.h" />
		<Unit filename="lib/tbb42_20131118oss/include/tbb/machine/linux_ia32.h" />
		<Unit filename="lib/tbb42_20131118oss/include/tbb/machine/linux_ia64.h" />
		<Unit filename="lib/tbb42_20131118oss/include/tbb/machine/linux_intel64.h" />
		<Unit filename="lib/tbb42_20131118oss/include/tbb/machine/mac_ppc.h" />
		<Unit filename="lib/tbb42_20131118oss/include/tbb/machine/macos_common.h" />
		<Unit filename="lib/tbb42_20131118oss/include/tbb/machine/mic_common.h" />
		<Unit filename="lib/tbb42_20131118oss/include/tbb/machine/msvc_armv7.h" />
		<Unit filename="lib/tbb42_20131118oss/include/tbb/machine/msvc_ia32_common.h" />
		<Unit filename="lib/tbb42_20131118oss/include/tbb/machine/sunos_sparc.h" />
		<Unit filename="lib/tbb42_20131118oss/include/tbb/machine/windows_api.h" />
		<Unit filename="lib/tbb42_20131118oss/include/tbb/machine/windows_ia32.h" />
		<Unit filename="lib/tbb42_20131118oss/include/tbb/machine/windows_intel64.h" />
		<Unit filename="lib/tbb42_20131118oss/include/tbb/machine/xbox360_ppc.h" />
		<Unit filename="lib/tbb42_20131118oss/include/tbb/memory_pool.h" />
		<Unit filename="lib/tbb42_20131118oss/include/tbb/mutex.h" />
		<Unit filename="lib/tbb42_20131118oss/include/tbb/null_mutex.h" />
		<Unit filename="lib/tbb42_20131118oss/include/tbb/null_rw_mutex.h" />
		<Unit filename="lib/tbb42_20131118oss/include/tbb/parallel_do.h" />
		<Unit filename="lib/tbb42_20131118oss/include/tbb/parallel_for.h" />
		<Unit filename="lib/tbb42_20131118oss/include/tbb/parallel_for_each.h" />
		<Unit filename="lib/tbb42_20131118oss/include/tbb/parallel_invoke.h" />
		<Unit filename="lib/tbb42_20131118oss/include/tbb/parallel_reduce.h" />
		<Unit filename="lib/tbb42_20131118oss/include/tbb/parallel_scan.h" />
		<Unit filename="lib/tbb42_20131118oss/include/tbb/parallel_sort.h" />
		<Unit filename="lib/tbb42_20131118oss/include/tbb/parallel_while.h" />
		<Unit filename="lib/tbb42_20131118oss/include/tbb/partitioner.h" />
		<Unit filename="lib/tbb42_20131118oss/include/tbb/pipeline.h" />
		<Unit filename="lib/tbb42_20131118oss/include/tbb/queuing_mutex.h" />
		<Unit filename="lib/tbb42_20131118oss/include/tbb/queuing_rw_mutex.h" />
		<Unit filename="lib/tbb42_20131118oss/include/tbb/reader_writer_lock.h" />
		<Unit filename="lib/tbb42_20131118oss/include/tbb/recursive_mutex.h" />
		<Unit filename="lib/tbb42_20131118oss/include/tbb/runtime_loader.h" />
		<Unit filename="lib/tbb42_20131118oss/include/tbb/scalable_allocator.h" />
		<Unit filename="lib/tbb42_20131118oss/include/tbb/spin_mutex.h" />
		<Unit filename="lib/tbb42_20131118oss/include/tbb/spin_rw_mutex.h" />
		<Unit filename="lib/tbb42_20131118oss/include/tbb/task.h" />
		<Unit filename="lib/tbb42_20131118oss/include/tbb/task_arena.h" />
		<Unit filename="lib/tbb42_20131118oss/include/tbb/task_group.h" />
		<Unit filename="lib/tbb42_20131118oss/include/tbb/task_scheduler_init.h" />
		<Unit filename="lib/tbb42_20131118oss/include/tbb/task_scheduler_observer.h" />
		<Unit filename="lib/tbb42_20131118oss/include/tbb/tbb.h" />
		<Unit filename="lib/tbb42_20131118oss/include/tbb/tbb_allocator.h" />
		<Unit filename="lib/tbb42_20131118oss/include/tbb/tbb_config.h" />
		<Unit filename="lib/tbb42_20131118oss/include/tbb/tbb_exception.h" />
		<Unit filename="lib/tbb42_20131118oss/include/tbb/tbb_machine.h" />
		<Unit filename="lib/tbb42_20131118oss/include/tbb/tbb_profiling.h" />
		<Unit filename="lib/tbb42_20131118oss/include/tbb/tbb_stddef.h" />
		<Unit filename="lib/tbb42_20131118oss/include/tbb/tbb_thread.h" />
		<Unit filename="lib/tbb42_20131118oss/include/tbb/tbbmalloc_proxy.h" />
		<Unit filename="lib/tbb42_20131118oss/include/tbb/tick_count.h" />
		<Unit filename="main.cpp" />
		<Unit filename="src/connection/ATCPServerSocket.cpp" />
		<Unit filename="src/connection/ATCPSocket.cpp" />
		<Unit filename="src/connection/AUDPServerSocket.cpp" />
		<Unit filename="src/connection/AUDPSocket.cpp" />
		<Unit filename="src/connection/DTCPServerSocket.cpp" />
		<Unit filename="src/connection/DelimiterBasedTCPSocket.cpp" />
		<Unit filename="src/connection/HTTPListener.cpp" />
		<Unit filename="src/connection/HTTPSocket.cpp" />
		<Unit filename="src/connection/RequestServer.cpp" />
		<Unit filename="src/connection/Server.cpp" />
		<Unit filename="src/data/ImageInfo.cpp" />
		<Unit filename="src/data/Img.cpp" />
		<Unit filename="src/data/RichImg.cpp" />
		<Unit filename="src/db/DBDriver.cpp" />
		<Unit filename="src/db/DBHistogram.cpp" />
		<Unit filename="src/db/DBPattern.cpp" />
		<Unit filename="src/db/DBUser.cpp" />
		<Unit filename="src/matching/BasicFlannDetector.cpp" />
		<Unit filename="src/matching/FlannMatchingProcessor.cpp" />
		<Unit filename="src/matching/Match.cpp" />
		<Unit filename="src/matching/SerializableFlannBasedMatcher.cpp" />
		<Unit filename="src/output/DataOutput.cpp" />
		<Unit filename="src/output/JSON.cpp" />
		<Unit filename="src/output/JSONValue.cpp" />
		<Unit filename="src/output/ResultWriter.cpp" />
		<Unit filename="src/processing/AnakinFlags.cpp" />
		<Unit filename="src/processing/CommandRunner.cpp" />
		<Unit filename="src/processing/Flags.cpp" />
		<Unit filename="src/processing/SFBMCache.cpp" />
		<Unit filename="src/processing/Worker.cpp" />
		<Unit filename="src/utils/Constants.cpp" />
		<Unit filename="src/utils/XMLoader.cpp" />
		<Extensions>
			<code_completion />
			<debugger />
		</Extensions>
	</Project>
</CodeBlocks_project_file>
