<?xml version="1.0" encoding="UTF-8" standalone="yes" ?>
<CodeBlocks_project_file>
	<FileVersion major="1" minor="6" />
	<Project>
		<Option title="anakin2" />
		<Option pch_mode="2" />
		<Option compiler="gcc" />
		<Build>
			<Target title="Debug">
				<Option output="bin/Debug/anakin2" prefix_auto="1" extension_auto="1" />
				<Option object_output="obj/Debug/" />
				<Option type="1" />
				<Option compiler="gcc" />
				<Compiler>
					<Add option="-std=c++11" />
					<Add option="-g" />
					<Add directory="src" />
					<Add directory="includes" />
					<Add directory="../../../../../usr/local/include/opencv2" />
				</Compiler>
			</Target>
			<Target title="Release">
				<Option output="bin/Release/anakin2" prefix_auto="1" extension_auto="1" />
				<Option object_output="obj/Release/" />
				<Option type="1" />
				<Option compiler="gcc" />
				<Compiler>
					<Add option="-O2" />
					<Add option="-std=c++11" />
					<Add option="-g" />
				</Compiler>
				<Linker>
					<Add option="-s" />
				</Linker>
			</Target>
		</Build>
		<Compiler>
			<Add option="-std=c++11" />
			<Add option="-Wall" />
			<Add option="-g" />
			<Add option="-rdynamic" />
			<Add directory="lib" />
			<Add directory="src" />
			<Add directory="includes" />
			<Add directory="/usr/local/include/opencv2" />
			<Add directory="/usr/include/postgresql" />
			<Add directory="lib/tbb42_20131118oss/include" />
		</Compiler>
		<Linker>
			<Add library="opencv_features2d" />
			<Add library="opencv_core" />
			<Add library="GL" />
			<Add library="opencv_nonfree" />
			<Add library="opencv_highgui" />
			<Add library="opencv_video" />
			<Add library="opencv_videostab" />
			<Add library="opencv_flann" />
			<Add library="opencv_imgproc" />
			<Add library="opencv_contrib" />
			<Add library="boost_filesystem" />
			<Add library="boost_system" />
			<Add library="boost_iostreams" />
			<Add library="opencv_calib3d" />
			<Add library="/usr/local/lib/libtesseract.so" />
			<Add library="/usr/local/lib/libopencv_objdetect.so" />
			<Add library="/usr/lib/x86_64-linux-gnu/libpthread.so" />
			<Add library="/usr/lib/libpq.so" />
			<Add library="lib/tbb42_20131118oss/lib/intel64/gcc4.4/libtbb.so.2" />
			<Add library="/usr/lib/x86_64-linux-gnu/libboost_regex.so" />
			<Add directory="lib/tbb42_20131118oss/lib/intel64/gcc4.4" />
		</Linker>
		<Unit filename="includes/ATCPServerSocket.hpp" />
		<Unit filename="includes/ATCPSocket.hpp" />
		<Unit filename="includes/AUDPServerSocket.hpp" />
		<Unit filename="includes/AUDPSocket.hpp" />
		<Unit filename="includes/AnakinFlags.hpp" />
		<Unit filename="includes/Barrier.hpp" />
		<Unit filename="includes/BasicFlannDetector.hpp" />
		<Unit filename="includes/BasicImageProcessor.hpp" />
		<Unit filename="includes/CommandRunner.hpp" />
		<Unit filename="includes/Constants.hpp" />
		<Unit filename="includes/DBDriver.hpp" />
		<Unit filename="includes/DBHistogram.hpp" />
		<Unit filename="includes/DBPattern.hpp" />
		<Unit filename="includes/DBUser.hpp" />
		<Unit filename="includes/DTCPServerSocket.hpp" />
		<Unit filename="includes/DataInput.hpp" />
		<Unit filename="includes/DataOutput.hpp" />
		<Unit filename="includes/DelimiterBasedTCPSocket.hpp" />
		<Unit filename="includes/Detector.hpp" />
		<Unit filename="includes/FaceDetector.hpp" />
		<Unit filename="includes/FaceMatch.hpp" />
		<Unit filename="includes/Flags.hpp" />
		<Unit filename="includes/HistMatch.hpp" />
		<Unit filename="includes/Histogram.hpp" />
		<Unit filename="includes/HistogramComparator.hpp" />
		<Unit filename="includes/HistogramsIO.hpp" />
		<Unit filename="includes/ImageComponentExtractor.hpp" />
		<Unit filename="includes/ImageDataInput.hpp" />
		<Unit filename="includes/ImageInfo.hpp" />
		<Unit filename="includes/ImageProcessor.hpp" />
		<Unit filename="includes/Img.hpp" />
		<Unit filename="includes/JSON.h" />
		<Unit filename="includes/JSONValue.h" />
		<Unit filename="includes/JustShowImageProcessor.hpp" />
		<Unit filename="includes/Match.hpp" />
		<Unit filename="includes/OCRDetector.hpp" />
		<Unit filename="includes/PatternLoader.hpp" />
		<Unit filename="includes/Processor.hpp" />
		<Unit filename="includes/RequestServer.hpp" />
		<Unit filename="includes/ResultWriter.hpp" />
		<Unit filename="includes/RichImg.hpp" />
		<Unit filename="includes/SerializableFlannBasedMatcher.hpp" />
		<Unit filename="includes/SerializedPatternDataInput.hpp" />
		<Unit filename="includes/Server.hpp" />
		<Unit filename="includes/ServerSocket.hpp" />
		<Unit filename="includes/SingleImageDataInput.hpp" />
		<Unit filename="includes/Socket.hpp" />
		<Unit filename="includes/SteinNormalizer.hpp" />
		<Unit filename="includes/Worker.hpp" />
		<Unit filename="includes/XMLoader.hpp" />
		<Unit filename="lib/quicklz.c">
			<Option compilerVar="CC" />
		</Unit>
		<Unit filename="lib/quicklz.h" />
		<Unit filename="main.cpp" />
		<Unit filename="src/ATCPServerSocket.cpp" />
		<Unit filename="src/ATCPSocket.cpp" />
		<Unit filename="src/AUDPServerSocket.cpp" />
		<Unit filename="src/AUDPSocket.cpp" />
		<Unit filename="src/AnakinFlags.cpp" />
		<Unit filename="src/Barrier.cpp" />
		<Unit filename="src/BasicFlannDetector.cpp" />
		<Unit filename="src/BasicImageProcessor.cpp" />
		<Unit filename="src/CMakeLists.txt" />
		<Unit filename="src/CommandRunner.cpp" />
		<Unit filename="src/Constants.cpp" />
		<Unit filename="src/DBDriver.cpp" />
		<Unit filename="src/DBHistogram.cpp" />
		<Unit filename="src/DBPattern.cpp" />
		<Unit filename="src/DBUser.cpp" />
		<Unit filename="src/DTCPServerSocket.cpp" />
		<Unit filename="src/DataOutput.cpp" />
		<Unit filename="src/DelimiterBasedTCPSocket.cpp" />
		<Unit filename="src/Detector.cpp" />
		<Unit filename="src/FaceDetector.cpp" />
		<Unit filename="src/FaceMatch.cpp" />
		<Unit filename="src/Flags.cpp" />
		<Unit filename="src/HistMatch.cpp" />
		<Unit filename="src/Histogram.cpp" />
		<Unit filename="src/HistogramComparator.cpp" />
		<Unit filename="src/HistogramsIO.cpp" />
		<Unit filename="src/ImageComponentExtractor.cpp" />
		<Unit filename="src/ImageDataInput.cpp" />
		<Unit filename="src/ImageInfo.cpp" />
		<Unit filename="src/Img.cpp" />
		<Unit filename="src/JSON.cpp" />
		<Unit filename="src/JSONValue.cpp" />
		<Unit filename="src/JustShowImageProcessor.cpp" />
		<Unit filename="src/Match.cpp" />
		<Unit filename="src/OCRDetector.cpp" />
		<Unit filename="src/PatternLoader.cpp" />
		<Unit filename="src/Processor.cpp" />
		<Unit filename="src/RequestServer.cpp" />
		<Unit filename="src/ResultWriter.cpp" />
		<Unit filename="src/RichImg.cpp" />
		<Unit filename="src/SerializableFlannBasedMatcher.cpp" />
		<Unit filename="src/SerializedPatternDataInput.cpp" />
		<Unit filename="src/Server.cpp" />
		<Unit filename="src/SingleImageDataInput.cpp" />
		<Unit filename="src/SteinNormalizer.cpp" />
		<Unit filename="src/Worker.cpp" />
		<Unit filename="src/XMLoader.cpp" />
		<Unit filename="tests/unit/pattern_detector.cpp" />
		<Extensions>
			<code_completion />
			<debugger />
		</Extensions>
	</Project>
</CodeBlocks_project_file>
