<?xml version="1.0" encoding="UTF-8" standalone="yes" ?>
<CodeBlocks_project_file>
	<FileVersion major="1" minor="6" />
	<Project>
		<Option title="extractor" />
		<Option pch_mode="2" />
		<Option compiler="gcc" />
		<Build>
			<Target title="Debug">
				<Option output="bin/Debug/extractor" prefix_auto="1" extension_auto="1" />
				<Option object_output="obj/Debug/" />
				<Option type="1" />
				<Option compiler="gcc" />
				<Compiler>
					<Add option="-g" />
				</Compiler>
			</Target>
			<Target title="Release">
				<Option output="bin/Release/extractor" prefix_auto="1" extension_auto="1" />
				<Option object_output="obj/Release/" />
				<Option type="1" />
				<Option compiler="gcc" />
				<Compiler>
					<Add option="-O2" />
				</Compiler>
				<Linker>
					<Add option="-s" />
				</Linker>
			</Target>
		</Build>
		<Compiler>
			<Add option="-std=c++11" />
			<Add option="-Wall" />
			<Add option="-g" />
			<Add option="-rdynamic" />
			<Add directory="src" />
			<Add directory="includes" />
			<Add directory="/usr/local/include/opencv2" />
		</Compiler>
		<Linker>
			<Add library="/usr/local/lib/libopencv_core.so" />
			<Add library="/usr/local/lib/libopencv_features2d.so" />
			<Add library="/usr/local/lib/libopencv_contrib.so" />
			<Add library="/usr/local/lib/libopencv_imgproc.so" />
			<Add library="/usr/lib/x86_64-linux-gnu/libboost_system.so" />
			<Add library="/usr/local/lib/libopencv_nonfree.so" />
			<Add library="/usr/local/lib/libopencv_highgui.so" />
			<Add library="/usr/lib/x86_64-linux-gnu/libboost_filesystem.so" />
			<Add library="/usr/lib/x86_64-linux-gnu/libboost_iostreams.so" />
		</Linker>
		<Unit filename="includes/DataInput.hpp" />
		<Unit filename="includes/Flags.hpp" />
		<Unit filename="includes/Histogram.hpp" />
		<Unit filename="includes/HistogramComparator.hpp" />
		<Unit filename="includes/HistogramsIO.hpp" />
		<Unit filename="includes/ImageDataInput.hpp" />
		<Unit filename="includes/ImageInfo.hpp" />
		<Unit filename="includes/Img.hpp" />
		<Unit filename="includes/JSON.h" />
		<Unit filename="includes/JSONValue.h" />
		<Unit filename="includes/PatternLoader.hpp" />
		<Unit filename="includes/ResultWriter.hpp" />
		<Unit filename="includes/RichImg.hpp" />
		<Unit filename="includes/SingleImageDataInput.hpp" />
		<Unit filename="main.cpp" />
		<Unit filename="src/Flags.cpp" />
		<Unit filename="src/Histogram.cpp" />
		<Unit filename="src/HistogramComparator.cpp" />
		<Unit filename="src/HistogramsIO.cpp" />
		<Unit filename="src/ImageDataInput.cpp" />
		<Unit filename="src/ImageInfo.cpp" />
		<Unit filename="src/Img.cpp" />
		<Unit filename="src/JSON.cpp" />
		<Unit filename="src/JSONValue.cpp" />
		<Unit filename="src/PatternLoader.cpp" />
		<Unit filename="src/ResultWriter.cpp" />
		<Unit filename="src/RichImg.cpp" />
		<Unit filename="src/SingleImageDataInput.cpp" />
		<Extensions>
			<code_completion />
			<debugger />
		</Extensions>
	</Project>
</CodeBlocks_project_file>
